
Microsoft Visual Studio Solution File, Format Version 12.00
# Visual Studio 2012
Project("{2150E333-8FDC-42A3-9474-1A3956D46DE8}") = "Infrastructure", "Infrastructure", "{AB7EF003-18AD-43F3-B6D3-6A24D0D0756C}"
EndProject
Project("{2150E333-8FDC-42A3-9474-1A3956D46DE8}") = "Business", "Business", "{BC6CC740-6C92-4868-A86F-ECB101A7AC8E}"
EndProject
Project("{2150E333-8FDC-42A3-9474-1A3956D46DE8}") = "DataAccess", "DataAccess", "{B01F4069-D350-4799-A7D2-F5911E631E47}"
EndProject
Project("{2150E333-8FDC-42A3-9474-1A3956D46DE8}") = "Service", "Service", "{02FFBC4C-BBFA-4D15-AE10-95C1CB6E96D7}"
EndProject
Project("{2150E333-8FDC-42A3-9474-1A3956D46DE8}") = "Libraries", "Libraries", "{F0F532E5-2764-4E24-8B2B-F77E83512AED}"
EndProject
Project("{FAE04EC0-301F-11D3-BF4B-00C04F79EFBC}") = "Web.UI", "Web.UI\Web.UI.csproj", "{26996C54-D660-481E-9A85-C6862BDD845E}"
EndProject
Project("{FAE04EC0-301F-11D3-BF4B-00C04F79EFBC}") = "Log4net", "Log4net\Log4net.csproj", "{7021EA02-CD44-473F-A29F-B8BB8D84046F}"
EndProject
Project("{FAE04EC0-301F-11D3-BF4B-00C04F79EFBC}") = "Unity", "Unity\Unity.csproj", "{926911C3-551F-45A4-B87F-C59006F954D7}"
EndProject
Project("{FAE04EC0-301F-11D3-BF4B-00C04F79EFBC}") = "Data.Contracts", "Data.Contracts\Data.Contracts.csproj", "{605CAAD1-5EB1-4A64-A280-036EEC7A909D}"
EndProject
Project("{FAE04EC0-301F-11D3-BF4B-00C04F79EFBC}") = "Data", "Data\Data.csproj", "{7784E4FB-586D-4C51-96BD-E0CBC925F3EA}"
EndProject
Project("{FAE04EC0-301F-11D3-BF4B-00C04F79EFBC}") = "Repository.Contracts", "Repository.Contracts\Repository.Contracts.csproj", "{E13BD4E5-B671-4161-BFEB-48C64C96D4F9}"
EndProject
Project("{FAE04EC0-301F-11D3-BF4B-00C04F79EFBC}") = "Repository", "Repository\Repository.csproj", "{D31EB052-AE82-426B-B08C-42DD1FD5C194}"
EndProject
Project("{FAE04EC0-301F-11D3-BF4B-00C04F79EFBC}") = "Service.Contracts", "Manager.Contracts\Service.Contracts.csproj", "{53E737B5-C27A-476E-B7F8-2D81D9ACB58D}"
EndProject
Project("{FAE04EC0-301F-11D3-BF4B-00C04F79EFBC}") = "Service", "Manager\Service.csproj", "{EF958FF3-2415-4B1A-A3AB-A7997A1EEEBE}"
EndProject
Project("{FAE04EC0-301F-11D3-BF4B-00C04F79EFBC}") = "Access", "Access\Access.csproj", "{13E098D4-1BDD-482B-94B7-48C0E8E5D8B2}"
EndProject
Project("{2150E333-8FDC-42A3-9474-1A3956D46DE8}") = "Tests", "Tests", "{340F3886-AA37-4245-AC3D-93CECD62F8EE}"
EndProject
Global
	GlobalSection(SolutionConfigurationPlatforms) = preSolution
		Debug|Any CPU = Debug|Any CPU
		Release|Any CPU = Release|Any CPU
	EndGlobalSection
	GlobalSection(ProjectConfigurationPlatforms) = postSolution
		{26996C54-D660-481E-9A85-C6862BDD845E}.Debug|Any CPU.ActiveCfg = Debug|Any CPU
		{26996C54-D660-481E-9A85-C6862BDD845E}.Debug|Any CPU.Build.0 = Debug|Any CPU
		{26996C54-D660-481E-9A85-C6862BDD845E}.Release|Any CPU.ActiveCfg = Release|Any CPU
		{26996C54-D660-481E-9A85-C6862BDD845E}.Release|Any CPU.Build.0 = Release|Any CPU
		{7021EA02-CD44-473F-A29F-B8BB8D84046F}.Debug|Any CPU.ActiveCfg = Debug|Any CPU
		{7021EA02-CD44-473F-A29F-B8BB8D84046F}.Debug|Any CPU.Build.0 = Debug|Any CPU
		{7021EA02-CD44-473F-A29F-B8BB8D84046F}.Release|Any CPU.ActiveCfg = Release|Any CPU
		{7021EA02-CD44-473F-A29F-B8BB8D84046F}.Release|Any CPU.Build.0 = Release|Any CPU
		{926911C3-551F-45A4-B87F-C59006F954D7}.Debug|Any CPU.ActiveCfg = Debug|Any CPU
		{926911C3-551F-45A4-B87F-C59006F954D7}.Debug|Any CPU.Build.0 = Debug|Any CPU
		{926911C3-551F-45A4-B87F-C59006F954D7}.Release|Any CPU.ActiveCfg = Release|Any CPU
		{926911C3-551F-45A4-B87F-C59006F954D7}.Release|Any CPU.Build.0 = Release|Any CPU
		{605CAAD1-5EB1-4A64-A280-036EEC7A909D}.Debug|Any CPU.ActiveCfg = Debug|Any CPU
		{605CAAD1-5EB1-4A64-A280-036EEC7A909D}.Debug|Any CPU.Build.0 = Debug|Any CPU
		{605CAAD1-5EB1-4A64-A280-036EEC7A909D}.Release|Any CPU.ActiveCfg = Release|Any CPU
		{605CAAD1-5EB1-4A64-A280-036EEC7A909D}.Release|Any CPU.Build.0 = Release|Any CPU
		{7784E4FB-586D-4C51-96BD-E0CBC925F3EA}.Debug|Any CPU.ActiveCfg = Debug|Any CPU
		{7784E4FB-586D-4C51-96BD-E0CBC925F3EA}.Debug|Any CPU.Build.0 = Debug|Any CPU
		{7784E4FB-586D-4C51-96BD-E0CBC925F3EA}.Release|Any CPU.ActiveCfg = Release|Any CPU
		{7784E4FB-586D-4C51-96BD-E0CBC925F3EA}.Release|Any CPU.Build.0 = Release|Any CPU
		{E13BD4E5-B671-4161-BFEB-48C64C96D4F9}.Debug|Any CPU.ActiveCfg = Debug|Any CPU
		{E13BD4E5-B671-4161-BFEB-48C64C96D4F9}.Debug|Any CPU.Build.0 = Debug|Any CPU
		{E13BD4E5-B671-4161-BFEB-48C64C96D4F9}.Release|Any CPU.ActiveCfg = Release|Any CPU
		{E13BD4E5-B671-4161-BFEB-48C64C96D4F9}.Release|Any CPU.Build.0 = Release|Any CPU
		{D31EB052-AE82-426B-B08C-42DD1FD5C194}.Debug|Any CPU.ActiveCfg = Debug|Any CPU
		{D31EB052-AE82-426B-B08C-42DD1FD5C194}.Debug|Any CPU.Build.0 = Debug|Any CPU
		{D31EB052-AE82-426B-B08C-42DD1FD5C194}.Release|Any CPU.ActiveCfg = Release|Any CPU
		{D31EB052-AE82-426B-B08C-42DD1FD5C194}.Release|Any CPU.Build.0 = Release|Any CPU
		{53E737B5-C27A-476E-B7F8-2D81D9ACB58D}.Debug|Any CPU.ActiveCfg = Debug|Any CPU
		{53E737B5-C27A-476E-B7F8-2D81D9ACB58D}.Debug|Any CPU.Build.0 = Debug|Any CPU
		{53E737B5-C27A-476E-B7F8-2D81D9ACB58D}.Release|Any CPU.ActiveCfg = Release|Any CPU
		{53E737B5-C27A-476E-B7F8-2D81D9ACB58D}.Release|Any CPU.Build.0 = Release|Any CPU
		{EF958FF3-2415-4B1A-A3AB-A7997A1EEEBE}.Debug|Any CPU.ActiveCfg = Debug|Any CPU
		{EF958FF3-2415-4B1A-A3AB-A7997A1EEEBE}.Debug|Any CPU.Build.0 = Debug|Any CPU
		{EF958FF3-2415-4B1A-A3AB-A7997A1EEEBE}.Release|Any CPU.ActiveCfg = Release|Any CPU
		{EF958FF3-2415-4B1A-A3AB-A7997A1EEEBE}.Release|Any CPU.Build.0 = Release|Any CPU
		{13E098D4-1BDD-482B-94B7-48C0E8E5D8B2}.Debug|Any CPU.ActiveCfg = Debug|Any CPU
		{13E098D4-1BDD-482B-94B7-48C0E8E5D8B2}.Debug|Any CPU.Build.0 = Debug|Any CPU
		{13E098D4-1BDD-482B-94B7-48C0E8E5D8B2}.Release|Any CPU.ActiveCfg = Release|Any CPU
		{13E098D4-1BDD-482B-94B7-48C0E8E5D8B2}.Release|Any CPU.Build.0 = Release|Any CPU
	EndGlobalSection
	GlobalSection(SolutionProperties) = preSolution
		HideSolutionNode = FALSE
	EndGlobalSection
	GlobalSection(NestedProjects) = preSolution
		{F0F532E5-2764-4E24-8B2B-F77E83512AED} = {AB7EF003-18AD-43F3-B6D3-6A24D0D0756C}
		{7021EA02-CD44-473F-A29F-B8BB8D84046F} = {AB7EF003-18AD-43F3-B6D3-6A24D0D0756C}
		{926911C3-551F-45A4-B87F-C59006F954D7} = {AB7EF003-18AD-43F3-B6D3-6A24D0D0756C}
		{605CAAD1-5EB1-4A64-A280-036EEC7A909D} = {BC6CC740-6C92-4868-A86F-ECB101A7AC8E}
		{7784E4FB-586D-4C51-96BD-E0CBC925F3EA} = {BC6CC740-6C92-4868-A86F-ECB101A7AC8E}
		{E13BD4E5-B671-4161-BFEB-48C64C96D4F9} = {BC6CC740-6C92-4868-A86F-ECB101A7AC8E}
		{D31EB052-AE82-426B-B08C-42DD1FD5C194} = {BC6CC740-6C92-4868-A86F-ECB101A7AC8E}
		{53E737B5-C27A-476E-B7F8-2D81D9ACB58D} = {BC6CC740-6C92-4868-A86F-ECB101A7AC8E}
		{EF958FF3-2415-4B1A-A3AB-A7997A1EEEBE} = {BC6CC740-6C92-4868-A86F-ECB101A7AC8E}
		{13E098D4-1BDD-482B-94B7-48C0E8E5D8B2} = {B01F4069-D350-4799-A7D2-F5911E631E47}
		{26996C54-D660-481E-9A85-C6862BDD845E} = {02FFBC4C-BBFA-4D15-AE10-95C1CB6E96D7}
	EndGlobalSection
EndGlobal
